
Microsoft Visual Studio Solution File, Format Version 12.00
# Visual Studio Version 17
VisualStudioVersion = 17.3.32922.545
MinimumVisualStudioVersion = 10.0.40219.1
Project("{FAE04EC0-301F-11D3-BF4B-00C04F79EFBC}") = "Nasljedivanje2", "Nasljedivanje2.csproj", "{2978407C-35BD-4D10-BC09-89A7FB680FB9}"
EndProject
Global
	GlobalSection(SolutionConfigurationPlatforms) = preSolution
		Debug|Any CPU = Debug|Any CPU
		Release|Any CPU = Release|Any CPU
	EndGlobalSection
	GlobalSection(ProjectConfigurationPlatforms) = postSolution
		{2978407C-35BD-4D10-BC09-89A7FB680FB9}.Debug|Any CPU.ActiveCfg = Debug|Any CPU
		{2978407C-35BD-4D10-BC09-89A7FB680FB9}.Debug|Any CPU.Build.0 = Debug|Any CPU
		{2978407C-35BD-4D10-BC09-89A7FB680FB9}.Release|Any CPU.ActiveCfg = Release|Any CPU
		{2978407C-35BD-4D10-BC09-89A7FB680FB9}.Release|Any CPU.Build.0 = Release|Any CPU
	EndGlobalSection
	GlobalSection(SolutionProperties) = preSolution
		HideSolutionNode = FALSE
	EndGlobalSection
	GlobalSection(ExtensibilityGlobals) = postSolution
		SolutionGuid = {23CF7222-01EA-4C28-8CD1-226838C2E5C9}
	EndGlobalSection
EndGlobal
